
Microsoft Visual Studio Solution File, Format Version 12.00
# Visual Studio Version 17
VisualStudioVersion = 17.0.31903.59
MinimumVisualStudioVersion = 10.0.40219.1
Project("{2150E333-8FDC-42A3-9474-1A3956D46DE8}") = "src", "src", "{7CF41860-81A4-4AA1-9C64-F6AE3B19B4C1}"
EndProject
Project("{FAE04EC0-301F-11D3-BF4B-00C04F79EFBC}") = "src\MenuService.Application", "src\MenuService.Application\MenuService.Application.csproj", "{CB30B358-7054-4C76-BF73-BC8DF542BCED}"
EndProject
Project("{FAE04EC0-301F-11D3-BF4B-00C04F79EFBC}") = "src\MenuService.Domain", "src\MenuService.Domain\MenuService.Domain.csproj", "{3307E30B-3D92-476C-9CD7-DD381385A741}"
EndProject
Project("{FAE04EC0-301F-11D3-BF4B-00C04F79EFBC}") = "src\MenuService.Infrastructure", "src\MenuService.Infrastructure\MenuService.Infrastructure.csproj", "{B80E9CBF-6E67-4161-83CF-2B44F9684D01}"
EndProject
Project("{FAE04EC0-301F-11D3-BF4B-00C04F79EFBC}") = "src\MenuService.API", "src\MenuService.API\MenuService.API.csproj", "{07081C1F-2CB6-4ECF-A260-D759ECB979B1}"
EndProject
Project("{2150E333-8FDC-42A3-9474-1A3956D46DE8}") = "test", "test", "{A5E45464-46D0-470C-BDD0-D4CA1036A045}"
EndProject
Project("{FAE04EC0-301F-11D3-BF4B-00C04F79EFBC}") = "MenuService.API.Test", "test\MenuService.API.Test\MenuService.API.Test.csproj", "{2B8A723E-F46E-459B-8504-105136231CC1}"
EndProject
Project("{FAE04EC0-301F-11D3-BF4B-00C04F79EFBC}") = "MenuService.Application.Test", "test\MenuService.Application.Test\MenuService.Application.Test.csproj", "{8034B05E-1733-4A6D-A479-1026E3A69116}"
EndProject
Project("{FAE04EC0-301F-11D3-BF4B-00C04F79EFBC}") = "MenuService.Infrastructure.Test", "test\MenuService.Infrastructure.Test\MenuService.Infrastructure.Test.csproj", "{12488755-4C1A-433E-A879-8216401362D6}"
EndProject
Global
	GlobalSection(SolutionConfigurationPlatforms) = preSolution
		Debug|Any CPU = Debug|Any CPU
		Release|Any CPU = Release|Any CPU
	EndGlobalSection
	GlobalSection(SolutionProperties) = preSolution
		HideSolutionNode = FALSE
	EndGlobalSection
	GlobalSection(NestedProjects) = preSolution
		{CB30B358-7054-4C76-BF73-BC8DF542BCED} = {7CF41860-81A4-4AA1-9C64-F6AE3B19B4C1}
		{3307E30B-3D92-476C-9CD7-DD381385A741} = {7CF41860-81A4-4AA1-9C64-F6AE3B19B4C1}
		{B80E9CBF-6E67-4161-83CF-2B44F9684D01} = {7CF41860-81A4-4AA1-9C64-F6AE3B19B4C1}
		{07081C1F-2CB6-4ECF-A260-D759ECB979B1} = {7CF41860-81A4-4AA1-9C64-F6AE3B19B4C1}
		{2B8A723E-F46E-459B-8504-105136231CC1} = {A5E45464-46D0-470C-BDD0-D4CA1036A045}
		{8034B05E-1733-4A6D-A479-1026E3A69116} = {A5E45464-46D0-470C-BDD0-D4CA1036A045}
		{12488755-4C1A-433E-A879-8216401362D6} = {A5E45464-46D0-470C-BDD0-D4CA1036A045}
	EndGlobalSection
	GlobalSection(ProjectConfigurationPlatforms) = postSolution
		{CB30B358-7054-4C76-BF73-BC8DF542BCED}.Debug|Any CPU.ActiveCfg = Debug|Any CPU
		{CB30B358-7054-4C76-BF73-BC8DF542BCED}.Debug|Any CPU.Build.0 = Debug|Any CPU
		{CB30B358-7054-4C76-BF73-BC8DF542BCED}.Release|Any CPU.ActiveCfg = Release|Any CPU
		{CB30B358-7054-4C76-BF73-BC8DF542BCED}.Release|Any CPU.Build.0 = Release|Any CPU
		{3307E30B-3D92-476C-9CD7-DD381385A741}.Debug|Any CPU.ActiveCfg = Debug|Any CPU
		{3307E30B-3D92-476C-9CD7-DD381385A741}.Debug|Any CPU.Build.0 = Debug|Any CPU
		{3307E30B-3D92-476C-9CD7-DD381385A741}.Release|Any CPU.ActiveCfg = Release|Any CPU
		{3307E30B-3D92-476C-9CD7-DD381385A741}.Release|Any CPU.Build.0 = Release|Any CPU
		{B80E9CBF-6E67-4161-83CF-2B44F9684D01}.Debug|Any CPU.ActiveCfg = Debug|Any CPU
		{B80E9CBF-6E67-4161-83CF-2B44F9684D01}.Debug|Any CPU.Build.0 = Debug|Any CPU
		{B80E9CBF-6E67-4161-83CF-2B44F9684D01}.Release|Any CPU.ActiveCfg = Release|Any CPU
		{B80E9CBF-6E67-4161-83CF-2B44F9684D01}.Release|Any CPU.Build.0 = Release|Any CPU
		{07081C1F-2CB6-4ECF-A260-D759ECB979B1}.Debug|Any CPU.ActiveCfg = Debug|Any CPU
		{07081C1F-2CB6-4ECF-A260-D759ECB979B1}.Debug|Any CPU.Build.0 = Debug|Any CPU
		{07081C1F-2CB6-4ECF-A260-D759ECB979B1}.Release|Any CPU.ActiveCfg = Release|Any CPU
		{07081C1F-2CB6-4ECF-A260-D759ECB979B1}.Release|Any CPU.Build.0 = Release|Any CPU
		{2B8A723E-F46E-459B-8504-105136231CC1}.Debug|Any CPU.ActiveCfg = Debug|Any CPU
		{2B8A723E-F46E-459B-8504-105136231CC1}.Debug|Any CPU.Build.0 = Debug|Any CPU
		{2B8A723E-F46E-459B-8504-105136231CC1}.Release|Any CPU.ActiveCfg = Release|Any CPU
		{2B8A723E-F46E-459B-8504-105136231CC1}.Release|Any CPU.Build.0 = Release|Any CPU
		{8034B05E-1733-4A6D-A479-1026E3A69116}.Debug|Any CPU.ActiveCfg = Debug|Any CPU
		{8034B05E-1733-4A6D-A479-1026E3A69116}.Debug|Any CPU.Build.0 = Debug|Any CPU
		{8034B05E-1733-4A6D-A479-1026E3A69116}.Release|Any CPU.ActiveCfg = Release|Any CPU
		{8034B05E-1733-4A6D-A479-1026E3A69116}.Release|Any CPU.Build.0 = Release|Any CPU
		{12488755-4C1A-433E-A879-8216401362D6}.Debug|Any CPU.ActiveCfg = Debug|Any CPU
		{12488755-4C1A-433E-A879-8216401362D6}.Debug|Any CPU.Build.0 = Debug|Any CPU
		{12488755-4C1A-433E-A879-8216401362D6}.Release|Any CPU.ActiveCfg = Release|Any CPU
		{12488755-4C1A-433E-A879-8216401362D6}.Release|Any CPU.Build.0 = Release|Any CPU
	EndGlobalSection
EndGlobal
